
Microsoft Visual Studio Solution File, Format Version 12.00
# Visual Studio Version 17
VisualStudioVersion = 17.11.35303.130
MinimumVisualStudioVersion = 10.0.40219.1
Project("{FAE04EC0-301F-11D3-BF4B-00C04F79EFBC}") = "ConsoleApp1", "ConsoleApp1.csproj", "{CE398B23-A7D5-4718-86D1-60A0EABB950A}"
EndProject
Global
	GlobalSection(SolutionConfigurationPlatforms) = preSolution
		Debug|Any CPU = Debug|Any CPU
		Release|Any CPU = Release|Any CPU
	EndGlobalSection
	GlobalSection(ProjectConfigurationPlatforms) = postSolution
		{CE398B23-A7D5-4718-86D1-60A0EABB950A}.Debug|Any CPU.ActiveCfg = Debug|Any CPU
		{CE398B23-A7D5-4718-86D1-60A0EABB950A}.Debug|Any CPU.Build.0 = Debug|Any CPU
		{CE398B23-A7D5-4718-86D1-60A0EABB950A}.Release|Any CPU.ActiveCfg = Release|Any CPU
		{CE398B23-A7D5-4718-86D1-60A0EABB950A}.Release|Any CPU.Build.0 = Release|Any CPU
	EndGlobalSection
	GlobalSection(SolutionProperties) = preSolution
		HideSolutionNode = FALSE
	EndGlobalSection
	GlobalSection(ExtensibilityGlobals) = postSolution
		SolutionGuid = {E4978D12-FE9B-41B9-B026-6D2DC5487D38}
	EndGlobalSection
EndGlobal
